
Microsoft Visual Studio Solution File, Format Version 12.00
# Visual Studio Version 17
VisualStudioVersion = 17.7.34024.191
MinimumVisualStudioVersion = 10.0.40219.1
Project("{9A19103F-16F7-4668-BE54-9A1E7A4F7556}") = "EducationTech", "EducationTech\EducationTech.csproj", "{7DDD79A6-41DB-48B3-BDC9-2B1017144210}"
EndProject
Project("{2150E333-8FDC-42A3-9474-1A3956D46DE8}") = "Tests", "Tests", "{2A0BE34E-DBEE-440A-959D-03DD31DD0DEF}"
EndProject
Project("{9A19103F-16F7-4668-BE54-9A1E7A4F7556}") = "EducationTech.Testing.Units", "EducationTech.Testing.Units\EducationTech.Testing.Units.csproj", "{F0E78E9B-475E-43DF-9A3E-C966239B57F8}"
EndProject
Project("{9A19103F-16F7-4668-BE54-9A1E7A4F7556}") = "EducationTech.DataAccess.Seeders", "EducationTech.DataAccess.Seeders\EducationTech.DataAccess.Seeders.csproj", "{6BEF9711-44E4-41B4-B7A7-A0140DC119AC}"
EndProject
Project("{9A19103F-16F7-4668-BE54-9A1E7A4F7556}") = "EducationTech.DataAccess.Shared", "EducationTech.DataAccess.Shared\EducationTech.DataAccess.Shared.csproj", "{DFE780DF-10AB-4BF0-8621-B5A8FBD5FA1F}"
EndProject
Project("{9A19103F-16F7-4668-BE54-9A1E7A4F7556}") = "EducationTech.Shared", "EducationTech.Shared\EducationTech.Shared.csproj", "{C9FD2EF3-CBB6-4C0D-BA53-C22BC3BBFD76}"
EndProject
Project("{9A19103F-16F7-4668-BE54-9A1E7A4F7556}") = "EducationTech.Business", "EducationTech.Business\EducationTech.Business.csproj", "{CF72E64F-CCAB-437C-AE22-4279D2283C2F}"
EndProject
Project("{9A19103F-16F7-4668-BE54-9A1E7A4F7556}") = "EducationTech.Storage", "EducationTech.Storage\EducationTech.Storage.csproj", "{F2A1A1BA-2DA0-4642-BA55-F37A3E1AF59A}"
EndProject
Project("{9A19103F-16F7-4668-BE54-9A1E7A4F7556}") = "EducationTech.DataAccess.Core", "EducationTech.DataAccess.Core\EducationTech.DataAccess.Core.csproj", "{7714ED12-53A2-4A7E-808E-C216B7346107}"
EndProject
Project("{9A19103F-16F7-4668-BE54-9A1E7A4F7556}") = "EducationTech.Business.Shared", "EducationTech.Business.Shared\EducationTech.Business.Shared.csproj", "{DDD83E13-AA46-4759-AE11-D5DAE4D7F2DD}"
EndProject
Project("{9A19103F-16F7-4668-BE54-9A1E7A4F7556}") = "EducationTech.DataAccess.Entities", "EducationTech.DataAccess.Entities\EducationTech.DataAccess.Entities.csproj", "{2CA39EA1-B421-4ABE-A033-423D9CAC917D}"
EndProject
Project("{9A19103F-16F7-4668-BE54-9A1E7A4F7556}") = "EducationTech.DataAccess", "EducationTech.DataAccess\EducationTech.DataAccess.csproj", "{7F9DA6A0-35E0-4641-9340-570D8E0B07B1}"
EndProject
Project("{9A19103F-16F7-4668-BE54-9A1E7A4F7556}") = "EducationTech.MessageQueue", "EducationTech.MessageQueue\EducationTech.MessageQueue.csproj", "{E19265CF-547D-41F3-9C5C-C08C5F049101}"
EndProject
Project("{2150E333-8FDC-42A3-9474-1A3956D46DE8}") = "Solution Items", "Solution Items", "{62968A66-73AD-4F8D-85DF-BB3E8B7CDF19}"
	ProjectSection(SolutionItems) = preProject
		docker-compose.yml = docker-compose.yml
	EndProjectSection
EndProject
Global
	GlobalSection(SolutionConfigurationPlatforms) = preSolution
		Debug|Any CPU = Debug|Any CPU
		DebugV2|Any CPU = DebugV2|Any CPU
		Release|Any CPU = Release|Any CPU
	EndGlobalSection
	GlobalSection(ProjectConfigurationPlatforms) = postSolution
		{7DDD79A6-41DB-48B3-BDC9-2B1017144210}.Debug|Any CPU.ActiveCfg = Debug|Any CPU
		{7DDD79A6-41DB-48B3-BDC9-2B1017144210}.Debug|Any CPU.Build.0 = Debug|Any CPU
		{7DDD79A6-41DB-48B3-BDC9-2B1017144210}.DebugV2|Any CPU.ActiveCfg = DebugV2|Any CPU
		{7DDD79A6-41DB-48B3-BDC9-2B1017144210}.DebugV2|Any CPU.Build.0 = DebugV2|Any CPU
		{7DDD79A6-41DB-48B3-BDC9-2B1017144210}.Release|Any CPU.ActiveCfg = Release|Any CPU
		{7DDD79A6-41DB-48B3-BDC9-2B1017144210}.Release|Any CPU.Build.0 = Release|Any CPU
		{F0E78E9B-475E-43DF-9A3E-C966239B57F8}.Debug|Any CPU.ActiveCfg = Debug|Any CPU
		{F0E78E9B-475E-43DF-9A3E-C966239B57F8}.Debug|Any CPU.Build.0 = Debug|Any CPU
		{F0E78E9B-475E-43DF-9A3E-C966239B57F8}.DebugV2|Any CPU.ActiveCfg = DebugV2|Any CPU
		{F0E78E9B-475E-43DF-9A3E-C966239B57F8}.DebugV2|Any CPU.Build.0 = DebugV2|Any CPU
		{F0E78E9B-475E-43DF-9A3E-C966239B57F8}.Release|Any CPU.ActiveCfg = Release|Any CPU
		{F0E78E9B-475E-43DF-9A3E-C966239B57F8}.Release|Any CPU.Build.0 = Release|Any CPU
		{6BEF9711-44E4-41B4-B7A7-A0140DC119AC}.Debug|Any CPU.ActiveCfg = Debug|Any CPU
		{6BEF9711-44E4-41B4-B7A7-A0140DC119AC}.Debug|Any CPU.Build.0 = Debug|Any CPU
		{6BEF9711-44E4-41B4-B7A7-A0140DC119AC}.DebugV2|Any CPU.ActiveCfg = DebugV2|Any CPU
		{6BEF9711-44E4-41B4-B7A7-A0140DC119AC}.DebugV2|Any CPU.Build.0 = DebugV2|Any CPU
		{6BEF9711-44E4-41B4-B7A7-A0140DC119AC}.Release|Any CPU.ActiveCfg = Release|Any CPU
		{6BEF9711-44E4-41B4-B7A7-A0140DC119AC}.Release|Any CPU.Build.0 = Release|Any CPU
		{DFE780DF-10AB-4BF0-8621-B5A8FBD5FA1F}.Debug|Any CPU.ActiveCfg = Debug|Any CPU
		{DFE780DF-10AB-4BF0-8621-B5A8FBD5FA1F}.Debug|Any CPU.Build.0 = Debug|Any CPU
		{DFE780DF-10AB-4BF0-8621-B5A8FBD5FA1F}.DebugV2|Any CPU.ActiveCfg = DebugV2|Any CPU
		{DFE780DF-10AB-4BF0-8621-B5A8FBD5FA1F}.DebugV2|Any CPU.Build.0 = DebugV2|Any CPU
		{DFE780DF-10AB-4BF0-8621-B5A8FBD5FA1F}.Release|Any CPU.ActiveCfg = Release|Any CPU
		{DFE780DF-10AB-4BF0-8621-B5A8FBD5FA1F}.Release|Any CPU.Build.0 = Release|Any CPU
		{C9FD2EF3-CBB6-4C0D-BA53-C22BC3BBFD76}.Debug|Any CPU.ActiveCfg = Debug|Any CPU
		{C9FD2EF3-CBB6-4C0D-BA53-C22BC3BBFD76}.Debug|Any CPU.Build.0 = Debug|Any CPU
		{C9FD2EF3-CBB6-4C0D-BA53-C22BC3BBFD76}.DebugV2|Any CPU.ActiveCfg = DebugV2|Any CPU
		{C9FD2EF3-CBB6-4C0D-BA53-C22BC3BBFD76}.DebugV2|Any CPU.Build.0 = DebugV2|Any CPU
		{C9FD2EF3-CBB6-4C0D-BA53-C22BC3BBFD76}.Release|Any CPU.ActiveCfg = Release|Any CPU
		{C9FD2EF3-CBB6-4C0D-BA53-C22BC3BBFD76}.Release|Any CPU.Build.0 = Release|Any CPU
		{CF72E64F-CCAB-437C-AE22-4279D2283C2F}.Debug|Any CPU.ActiveCfg = Debug|Any CPU
		{CF72E64F-CCAB-437C-AE22-4279D2283C2F}.Debug|Any CPU.Build.0 = Debug|Any CPU
		{CF72E64F-CCAB-437C-AE22-4279D2283C2F}.DebugV2|Any CPU.ActiveCfg = DebugV2|Any CPU
		{CF72E64F-CCAB-437C-AE22-4279D2283C2F}.DebugV2|Any CPU.Build.0 = DebugV2|Any CPU
		{CF72E64F-CCAB-437C-AE22-4279D2283C2F}.Release|Any CPU.ActiveCfg = Release|Any CPU
		{CF72E64F-CCAB-437C-AE22-4279D2283C2F}.Release|Any CPU.Build.0 = Release|Any CPU
		{F2A1A1BA-2DA0-4642-BA55-F37A3E1AF59A}.Debug|Any CPU.ActiveCfg = Debug|Any CPU
		{F2A1A1BA-2DA0-4642-BA55-F37A3E1AF59A}.Debug|Any CPU.Build.0 = Debug|Any CPU
		{F2A1A1BA-2DA0-4642-BA55-F37A3E1AF59A}.DebugV2|Any CPU.ActiveCfg = DebugV2|Any CPU
		{F2A1A1BA-2DA0-4642-BA55-F37A3E1AF59A}.DebugV2|Any CPU.Build.0 = DebugV2|Any CPU
		{F2A1A1BA-2DA0-4642-BA55-F37A3E1AF59A}.Release|Any CPU.ActiveCfg = Release|Any CPU
		{F2A1A1BA-2DA0-4642-BA55-F37A3E1AF59A}.Release|Any CPU.Build.0 = Release|Any CPU
		{7714ED12-53A2-4A7E-808E-C216B7346107}.Debug|Any CPU.ActiveCfg = Debug|Any CPU
		{7714ED12-53A2-4A7E-808E-C216B7346107}.Debug|Any CPU.Build.0 = Debug|Any CPU
		{7714ED12-53A2-4A7E-808E-C216B7346107}.DebugV2|Any CPU.ActiveCfg = DebugV2|Any CPU
		{7714ED12-53A2-4A7E-808E-C216B7346107}.DebugV2|Any CPU.Build.0 = DebugV2|Any CPU
		{7714ED12-53A2-4A7E-808E-C216B7346107}.Release|Any CPU.ActiveCfg = Release|Any CPU
		{7714ED12-53A2-4A7E-808E-C216B7346107}.Release|Any CPU.Build.0 = Release|Any CPU
		{DDD83E13-AA46-4759-AE11-D5DAE4D7F2DD}.Debug|Any CPU.ActiveCfg = Debug|Any CPU
		{DDD83E13-AA46-4759-AE11-D5DAE4D7F2DD}.Debug|Any CPU.Build.0 = Debug|Any CPU
		{DDD83E13-AA46-4759-AE11-D5DAE4D7F2DD}.DebugV2|Any CPU.ActiveCfg = DebugV2|Any CPU
		{DDD83E13-AA46-4759-AE11-D5DAE4D7F2DD}.DebugV2|Any CPU.Build.0 = DebugV2|Any CPU
		{DDD83E13-AA46-4759-AE11-D5DAE4D7F2DD}.Release|Any CPU.ActiveCfg = Release|Any CPU
		{DDD83E13-AA46-4759-AE11-D5DAE4D7F2DD}.Release|Any CPU.Build.0 = Release|Any CPU
		{2CA39EA1-B421-4ABE-A033-423D9CAC917D}.Debug|Any CPU.ActiveCfg = Debug|Any CPU
		{2CA39EA1-B421-4ABE-A033-423D9CAC917D}.Debug|Any CPU.Build.0 = Debug|Any CPU
		{2CA39EA1-B421-4ABE-A033-423D9CAC917D}.DebugV2|Any CPU.ActiveCfg = DebugV2|Any CPU
		{2CA39EA1-B421-4ABE-A033-423D9CAC917D}.DebugV2|Any CPU.Build.0 = DebugV2|Any CPU
		{2CA39EA1-B421-4ABE-A033-423D9CAC917D}.Release|Any CPU.ActiveCfg = Release|Any CPU
		{2CA39EA1-B421-4ABE-A033-423D9CAC917D}.Release|Any CPU.Build.0 = Release|Any CPU
		{7F9DA6A0-35E0-4641-9340-570D8E0B07B1}.Debug|Any CPU.ActiveCfg = Debug|Any CPU
		{7F9DA6A0-35E0-4641-9340-570D8E0B07B1}.Debug|Any CPU.Build.0 = Debug|Any CPU
		{7F9DA6A0-35E0-4641-9340-570D8E0B07B1}.DebugV2|Any CPU.ActiveCfg = DebugV2|Any CPU
		{7F9DA6A0-35E0-4641-9340-570D8E0B07B1}.DebugV2|Any CPU.Build.0 = DebugV2|Any CPU
		{7F9DA6A0-35E0-4641-9340-570D8E0B07B1}.Release|Any CPU.ActiveCfg = Release|Any CPU
		{7F9DA6A0-35E0-4641-9340-570D8E0B07B1}.Release|Any CPU.Build.0 = Release|Any CPU
		{E19265CF-547D-41F3-9C5C-C08C5F049101}.Debug|Any CPU.ActiveCfg = Debug|Any CPU
		{E19265CF-547D-41F3-9C5C-C08C5F049101}.Debug|Any CPU.Build.0 = Debug|Any CPU
		{E19265CF-547D-41F3-9C5C-C08C5F049101}.DebugV2|Any CPU.ActiveCfg = DebugV2|Any CPU
		{E19265CF-547D-41F3-9C5C-C08C5F049101}.DebugV2|Any CPU.Build.0 = DebugV2|Any CPU
		{E19265CF-547D-41F3-9C5C-C08C5F049101}.Release|Any CPU.ActiveCfg = Release|Any CPU
		{E19265CF-547D-41F3-9C5C-C08C5F049101}.Release|Any CPU.Build.0 = Release|Any CPU
	EndGlobalSection
	GlobalSection(SolutionProperties) = preSolution
		HideSolutionNode = FALSE
	EndGlobalSection
	GlobalSection(NestedProjects) = preSolution
		{F0E78E9B-475E-43DF-9A3E-C966239B57F8} = {2A0BE34E-DBEE-440A-959D-03DD31DD0DEF}
	EndGlobalSection
	GlobalSection(ExtensibilityGlobals) = postSolution
		SolutionGuid = {A5FDB262-5195-43B5-90C4-DB5DDFDA6F6F}
	EndGlobalSection
EndGlobal
